version = 1
revision = 3
requires-python = ">=3.14"

[[package]]
name = "annotated-doc"
version = "0.0.3"
source = { registry = "https://pypi.org/simple" }
sdist = { url = "https://files.pythonhosted.org/packages/d7/a6/dc46877b911e40c00d395771ea710d5e77b6de7bacd5fdcd78d70cc5a48f/annotated_doc-0.0.3.tar.gz", hash = "sha256:e18370014c70187422c33e945053ff4c286f453a984eba84d0dbfa0c935adeda", size = 5535, upload-time = "2025-10-24T14:57:10.718Z" }
wheels = [
    { url = "https://files.pythonhosted.org/packages/02/b7/cf592cb5de5cb3bade3357f8d2cf42bf103bbe39f459824b4939fd212911/annotated_doc-0.0.3-py3-none-any.whl", hash = "sha256:348ec6664a76f1fd3be81f43dffbee4c7e8ce931ba71ec67cc7f4ade7fbbb580", size = 5488, upload-time = "2025-10-24T14:57:09.462Z" },
]

[[package]]
name = "annotated-types"
version = "0.7.0"
source = { registry = "https://pypi.org/simple" }
sdist = { url = "https://files.pythonhosted.org/packages/ee/67/531ea369ba64dcff5ec9c3402f9f51bf748cec26dde048a2f973a4eea7f5/annotated_types-0.7.0.tar.gz", hash = "sha256:aff07c09a53a08bc8cfccb9c85b05f1aa9a2a6f23728d790723543408344ce89", size = 16081, upload-time = "2024-05-20T21:33:25.928Z" }
wheels = [
    { url = "https://files.pythonhosted.org/packages/78/b6/6307fbef88d9b5ee7421e68d78a9f162e0da4900bc5f5793f6d3d0e34fb8/annotated_types-0.7.0-py3-none-any.whl", hash = "sha256:1f02e8b43a8fbbc3f3e0d4f0f4bfc8131bcb4eebe8849b8e5c773f3a1c582a53", size = 13643, upload-time = "2024-05-20T21:33:24.1Z" },
]

[[package]]
name = "anyio"
version = "4.11.0"
source = { registry = "https://pypi.org/simple" }
dependencies = [
    { name = "idna" },
    { name = "sniffio" },
]
sdist = { url = "https://files.pythonhosted.org/packages/c6/78/7d432127c41b50bccba979505f272c16cbcadcc33645d5fa3a738110ae75/anyio-4.11.0.tar.gz", hash = "sha256:82a8d0b81e318cc5ce71a5f1f8b5c4e63619620b63141ef8c995fa0db95a57c4", size = 219094, upload-time = "2025-09-23T09:19:12.58Z" }
wheels = [
    { url = "https://files.pythonhosted.org/packages/15/b3/9b1a8074496371342ec1e796a96f99c82c945a339cd81a8e73de28b4cf9e/anyio-4.11.0-py3-none-any.whl", hash = "sha256:0287e96f4d26d4149305414d4e3bc32f0dcd0862365a4bddea19d7a1ec38c4fc", size = 109097, upload-time = "2025-09-23T09:19:10.601Z" },
]

[[package]]
name = "apscheduler"
version = "3.11.3"
source = { registry = "https://pypi.org/simple" }
dependencies = [
    { name = "tzlocal" },
]
sdist = { url = "https://files.pythonhosted.org/packages/8c/6b/eeff360196bb20b312c9e762a820fd1b2c6d809466c755ef57863478e454/apscheduler-3.11.3.tar.gz", hash = "sha256:cd2fcc9330039a81a5893472ad49facf23a6d5604cbe1d918c835c6de7834d5a", size = 110312, upload-time = "2026-06-28T19:39:22.493Z" }
wheels = [
    { url = "https://files.pythonhosted.org/packages/42/c9/8638db32514dbb9157b3d82680c6faea89283523edf9ed2415ea3884f2ae/apscheduler-3.11.3-py3-none-any.whl", hash = "sha256:bbeb2ec02d23d3c06a6c07ed7f0f3939ada6680eb121fae809a69bb42c537a30", size = 66024, upload-time = "2026-06-28T19:39:20.982Z" },
]

[[package]]
name = "certifi"
version = "2025.10.5"
source = { registry = "https://pypi.org/simple" }
sdist = { url = "https://files.pythonhosted.org/packages/4c/5b/b6ce21586237c77ce67d01dc5507039d444b630dd76611bbca2d8e5dcd91/certifi-2025.10.5.tar.gz", hash = "sha256:47c09d31ccf2acf0be3f701ea53595ee7e0b8fa08801c6624be771df09ae7b43", size = 164519, upload-time = "2025-10-05T04:12:15.808Z" }
wheels = [
    { url = "https://files.pythonhosted.org/packages/e4/37/af0d2ef3967ac0d6113837b44a4f0bfe1328c2b9763bd5b1744520e5cfed/certifi-2025.10.5-py3-none-any.whl", hash = "sha256:0f212c2744a9bb6de0c56639a6f68afe01ecd92d91f14ae897c4fe7bbeeef0de", size = 163286, upload-time = "2025-10-05T04:12:14.03Z" },
]

[[package]]
name = "click"
version = "8.3.0"
source = { registry = "https://pypi.org/simple" }
dependencies = [
    { name = "colorama", marker = "sys_platform == 'win32'" },
]
sdist = { url = "https://files.pythonhosted.org/packages/46/61/de6cd827efad202d7057d93e0fed9294b96952e188f7384832791c7b2254/click-8.3.0.tar.gz", hash = "sha256:e7b8232224eba16f4ebe410c25ced9f7875cb5f3263ffc93cc3e8da705e229c4", size = 276943, upload-time = "2025-09-18T17:32:23.696Z" }
wheels = [
    { url = "https://files.pythonhosted.org/packages/db/d3/9dcc0f5797f070ec8edf30fbadfb200e71d9db6b84d211e3b2085a7589a0/click-8.3.0-py3-none-any.whl", hash = "sha256:9b9f285302c6e3064f4330c05f05b81945b2a39544279343e6e7c5f27a9baddc", size = 107295, upload-time = "2025-09-18T17:32:22.42Z" },
]

[[package]]
name = "colorama"
version = "0.4.6"
source = { registry = "https://pypi.org/simple" }
sdist = { url = "https://files.pythonhosted.org/packages/d8/53/6f443c9a4a8358a93a6792e2acffb9d9d5cb0a5cfd8802644b7b1c9a02e4/colorama-0.4.6.tar.gz", hash = "sha256:08695f5cb7ed6e0531a20572697297273c47b8cae5a63ffc6d6ed5c201be6e44", size = 27697, upload-time = "2022-10-25T02:36:22.414Z" }
wheels = [
    { url = "https://files.pythonhosted.org/packages/d1/d6/3965ed04c63042e047cb6a3e6ed1a63a35087b6a609aa3a15ed8ac56c221/colorama-0.4.6-py2.py3-none-any.whl", hash = "sha256:4f1d9991f5acc0ca119f9d443620b77f9d6b33703e51011c16baf57afb285fc6", size = 25335, upload-time = "2022-10-25T02:36:20.889Z" },
]

[[package]]
name = "fastapi"
version = "0.142.2"
source = { registry = "https://pypi.org/simple" }
dependencies = [
    { name = "annotated-doc" },
    { name = "opentelemetry-api" },
    { name = "pydantic" },
    { name = "starlette" },
    { name = "typing-extensions" },
    { name = "typing-inspection" },
]
sdist = { url = "https://files.pythonhosted.org/packages/56/4f/f7c30a73127e0a8bbffe788369b8359e530b01ae06e2757936fa35bc5e6d/fastapi-0.142.2.tar.gz", hash = "sha256:06366626f2e70576367714d9ab2fe8472e6c8456dba69b399f9f797ab5e92570", size = 466721, upload-time = "2026-09-30T09:51:11.277Z" }
wheels = [
    { url = "https://files.pythonhosted.org/packages/a0/b6/78aaf9141fb46742928c113f3cf6ef2259d538cb02b604b7656c1dc9883c/fastapi-0.142.2-py3-none-any.whl", hash = "sha256:bd5f4d81f1e93a88bcd77caf4dfe3c2dbffc3805407a0007e9a114c18b3a670b", size = 144409, upload-time = "2026-09-30T09:51:09.8Z" },
]

[[package]]
name = "h11"
version = "0.16.0"
source = { registry = "https://pypi.org/simple" }
sdist = { url = "https://files.pythonhosted.org/packages/01/ee/02a2c011bdab74c6fb3c75474d40b3052059d95df7e73351460c8588d963/h11-0.16.0.tar.gz", hash = "sha256:4e35b956cf45792e4caa5885e69fba00bdbc6ffafbfa020300e549b208ee5ff1", size = 101250, upload-time = "2025-04-24T03:35:25.427Z" }
wheels = [
    { url = "https://files.pythonhosted.org/packages/04/4b/29cac41a4d98d144bf5f6d33995617b185d14b22401f75ca86f384e87ff1/h11-0.16.0-py3-none-any.whl", hash = "sha256:63cf8bbe7522de3bf65932fda1d9c2772064ffb3dae62d55932da54b31cb6c86", size = 37515, upload-time = "2025-04-24T03:35:24.344Z" },
]

[[package]]
name = "httpcore"
version = "1.0.9"
source = { registry = "https://pypi.org/simple" }
dependencies = [
    { name = "certifi" },
    { name = "h11" },
]
sdist = { url = "https://files.pythonhosted.org/packages/06/94/82699a10bca87a5556c9c59b5963f2d039dbd239f25bc2a63907a05a14cb/httpcore-1.0.9.tar.gz", hash = "sha256:6e34463af53fd2ab5d807f399a9b45ea31c3dfa2276f15a2c3f00afff6e176e8", size = 85484, upload-time = "2025-04-24T22:06:22.219Z" }
wheels = [
    { url = "https://files.pythonhosted.org/packages/7e/f5/f66802a942d491edb555dd61e3a9961140fd64c90bce1eafd741609d334d/httpcore-1.0.9-py3-none-any.whl", hash = "sha256:2d400746a40668fc9dec9810239072b40b4484b640a8c38fd654a024c7a1bf55", size = 78784, upload-time = "2025-04-24T22:06:20.566Z" },
]

[[package]]
name = "httpx"
version = "0.28.1"
source = { registry = "https://pypi.org/simple" }
dependencies = [
    { name = "anyio" },
    { name = "certifi" },
    { name = "httpcore" },
    { name = "idna" },
]
sdist = { url = "https://files.pythonhosted.org/packages/b1/df/48c586a5fe32a0f01324ee087459e112ebb7224f646c0b5023f5e79e9956/httpx-0.28.1.tar.gz", hash = "sha256:75e98c5f16b0f35b567856f597f06ff2270a374470a5c2392242528e3e3e42fc", size = 141406, upload-time = "2024-12-06T15:37:23.222Z" }
wheels = [
    { url = "https://files.pythonhosted.org/packages/2a/39/e50c7c3a983047577ee07d2a9e53faf5a69493943ec3f6a384bdc792deb2/httpx-0.28.1-py3-none-any.whl", hash = "sha256:d909fcccc110f8c7faf814ca82a9a4d816bc5a6dbfea25d6591d6985b8ba59ad", size = 73517, upload-time = "2024-12-06T15:37:21.509Z" },
]

[[package]]
name = "idna"
version = "3.11"
source = { registry = "https://pypi.org/simple" }
sdist = { url = "https://files.pythonhosted.org/packages/6f/6d/0703ccc57f3a7233505399edb88de3cbd678da106337b9fcde432b65ed60/idna-3.11.tar.gz", hash = "sha256:795dafcc9c04ed0c1fb032c2aa73654d8e8c5023a7df64a53f39190ada629902", size = 194582, upload-time = "2025-10-12T14:55:20.501Z" }
wheels = [
    { url = "https://files.pythonhosted.org/packages/0e/61/66938bbb5fc52dbdf84594873d5b51fb1f7c7794e9c0f5bd885f30bc507b/idna-3.11-py3-none-any.whl", hash = "sha256:771a87f49d9defaf64091e6e6fe9c18d4833f140bd19464795bc32d966ca37ea", size = 71008, upload-time = "2025-10-12T14:55:18.883Z" },
]

[[package]]
name = "opentelemetry-api"
version = "1.45.1"
source = { registry = "https://pypi.org/simple" }
dependencies = [
    { name = "typing-extensions" },
]
sdist = { url = "https://files.pythonhosted.org/packages/2e/02/6e0ae9cc61bd3169d401077b507b3ebc344745171e1051ab430be012dcd9/opentelemetry_api-1.45.1.tar.gz", hash = "sha256:aa38ed19bcc084ba42782a73255b3582283eced7ad6dddbd6695189e69adfb75", size = 72804, upload-time = "2026-10-06T17:32:58.133Z" }
wheels = [
    { url = "https://files.pythonhosted.org/packages/1e/41/f7dcf80b81ee8e71c1a2b59f14208bc723edbd89ed027a73b175abf6348e/opentelemetry_api-1.45.1-py3-none-any.whl", hash = "sha256:b31553efa588ae44bc306f863c785c5333a9ecc091248c6ee68b4b6c87fdedfb", size = 60256, upload-time = "2026-10-06T17:32:33.506Z" },
]

[[package]]
name = "pydantic"
version = "2.12.3"
source = { registry = "https://pypi.org/simple" }
dependencies = [
    { name = "annotated-types" },
    { name = "pydantic-core" },
    { name = "typing-extensions" },
    { name = "typing-inspection" },
]
sdist = { url = "https://files.pythonhosted.org/packages/f3/1e/4f0a3233767010308f2fd6bd0814597e3f63f1dc98304a9112b8759df4ff/pydantic-2.12.3.tar.gz", hash = "sha256:1da1c82b0fc140bb0103bc1441ffe062154c8d38491189751ee00fd8ca65ce74", size = 819383, upload-time = "2025-10-17T15:04:21.222Z" }
wheels = [
    { url = "https://files.pythonhosted.org/packages/a1/6b/83661fa77dcefa195ad5f8cd9af3d1a7450fd57cc883ad04d65446ac2029/pydantic-2.12.3-py3-none-any.whl", hash = "sha256:6986454a854bc3bc6e5443e1369e06a3a456af9d339eda45510f517d9ea5c6bf", size = 462431, upload-time = "2025-10-17T15:04:19.346Z" },
]

[[package]]
name = "pydantic-core"
version = "2.41.4"
source = { registry = "https://pypi.org/simple" }
dependencies = [
    { name = "typing-extensions" },
]
sdist = { url = "https://files.pythonhosted.org/packages/df/18/d0944e8eaaa3efd0a91b0f1fc537d3be55ad35091b6a87638211ba691964/pydantic_core-2.41.4.tar.gz", hash = "sha256:70e47929a9d4a1905a67e4b687d5946026390568a8e952b92824118063cee4d5", size = 457557, upload-time = "2025-10-14T10:23:47.909Z" }
wheels = [
    { url = "https://files.pythonhosted.org/packages/54/28/d3325da57d413b9819365546eb9a6e8b7cbd9373d9380efd5f74326143e6/pydantic_core-2.41.4-cp314-cp314-macosx_10_12_x86_64.whl", hash = "sha256:e9205d97ed08a82ebb9a307e92914bb30e18cdf6f6b12ca4bedadb1588a0bfe1", size = 2102022, upload-time = "2025-10-14T10:21:32.809Z" },
    { url = "https://files.pythonhosted.org/packages/9e/24/b58a1bc0d834bf1acc4361e61233ee217169a42efbdc15a60296e13ce438/pydantic_core-2.41.4-cp314-cp314-macosx_11_0_arm64.whl", hash = "sha256:82df1f432b37d832709fbcc0e24394bba04a01b6ecf1ee87578145c19cde12ac", size = 1905495, upload-time = "2025-10-14T10:21:34.812Z" },
    { url = "https://files.pythonhosted.org/packages/fb/a4/71f759cc41b7043e8ecdaab81b985a9b6cad7cec077e0b92cff8b71ecf6b/pydantic_core-2.41.4-cp314-cp314-manylinux_2_17_aarch64.manylinux2014_aarch64.whl", hash = "sha256:fc3b4cc4539e055cfa39a3763c939f9d409eb40e85813257dcd761985a108554", size = 1956131, upload-time = "2025-10-14T10:21:36.924Z" },
    { url = "https://files.pythonhosted.org/packages/b0/64/1e79ac7aa51f1eec7c4cda8cbe456d5d09f05fdd68b32776d72168d54275/pydantic_core-2.41.4-cp314-cp314-manylinux_2_17_armv7l.manylinux2014_armv7l.whl", hash = "sha256:b1eb1754fce47c63d2ff57fdb88c351a6c0150995890088b33767a10218eaa4e", size = 2052236, upload-time = "2025-10-14T10:21:38.927Z" },
    { url = "https://files.pythonhosted.org/packages/e9/e3/a3ffc363bd4287b80f1d43dc1c28ba64831f8dfc237d6fec8f2661138d48/pydantic_core-2.41.4-cp314-cp314-manylinux_2_17_ppc64le.manylinux2014_ppc64le.whl", hash = "sha256:e6ab5ab30ef325b443f379ddb575a34969c333004fca5a1daa0133a6ffaad616", size = 2223573, upload-time = "2025-10-14T10:21:41.574Z" },
    { url = "https://files.pythonhosted.org/packages/28/27/78814089b4d2e684a9088ede3790763c64693c3d1408ddc0a248bc789126/pydantic_core-2.41.4-cp314-cp314-manylinux_2_17_s390x.manylinux2014_s390x.whl", hash = "sha256:31a41030b1d9ca497634092b46481b937ff9397a86f9f51bd41c4767b6fc04af", size = 2342467, upload-time = "2025-10-14T10:21:44.018Z" },
    { url = "https://files.pythonhosted.org/packages/92/97/4de0e2a1159cb85ad737e03306717637842c88c7fd6d97973172fb183149/pydantic_core-2.41.4-cp314-cp314-manylinux_2_17_x86_64.manylinux2014_x86_64.whl", hash = "sha256:a44ac1738591472c3d020f61c6df1e4015180d6262ebd39bf2aeb52571b60f12", size = 2063754, upload-time = "2025-10-14T10:21:46.466Z" },
    { url = "https://files.pythonhosted.org/packages/0f/50/8cb90ce4b9efcf7ae78130afeb99fd1c86125ccdf9906ef64b9d42f37c25/pydantic_core-2.41.4-cp314-cp314-manylinux_2_5_i686.manylinux1_i686.whl", hash = "sha256:d72f2b5e6e82ab8f94ea7d0d42f83c487dc159c5240d8f83beae684472864e2d", size = 2196754, upload-time = "2025-10-14T10:21:48.486Z" },
    { url = "https://files.pythonhosted.org/packages/34/3b/ccdc77af9cd5082723574a1cc1bcae7a6acacc829d7c0a06201f7886a109/pydantic_core-2.41.4-cp314-cp314-musllinux_1_1_aarch64.whl", hash = "sha256:c4d1e854aaf044487d31143f541f7aafe7b482ae72a022c664b2de2e466ed0ad", size = 2137115, upload-time = "2025-10-14T10:21:50.63Z" },
    { url = "https://files.pythonhosted.org/packages/ca/ba/e7c7a02651a8f7c52dc2cff2b64a30c313e3b57c7d93703cecea76c09b71/pydantic_core-2.41.4-cp314-cp314-musllinux_1_1_armv7l.whl", hash = "sha256:b568af94267729d76e6ee5ececda4e283d07bbb28e8148bb17adad93d025d25a", size = 2317400, upload-time = "2025-10-14T10:21:52.959Z" },
    { url = "https://files.pythonhosted.org/packages/2c/ba/6c533a4ee8aec6b812c643c49bb3bd88d3f01e3cebe451bb85512d37f00f/pydantic_core-2.41.4-cp314-cp314-musllinux_1_1_x86_64.whl", hash = "sha256:6d55fb8b1e8929b341cc313a81a26e0d48aa3b519c1dbaadec3a6a2b4fcad025", size = 2312070, upload-time = "2025-10-14T10:21:55.419Z" },
    { url = "https://files.pythonhosted.org/packages/22/ae/f10524fcc0ab8d7f96cf9a74c880243576fd3e72bd8ce4f81e43d22bcab7/pydantic_core-2.41.4-cp314-cp314-win32.whl", hash = "sha256:5b66584e549e2e32a1398df11da2e0a7eff45d5c2d9db9d5667c5e6ac764d77e", size = 1982277, upload-time = "2025-10-14T10:21:57.474Z" },
    { url = "https://files.pythonhosted.org/packages/b4/dc/e5aa27aea1ad4638f0c3fb41132f7eb583bd7420ee63204e2d4333a3bbf9/pydantic_core-2.41.4-cp314-cp314-win_amd64.whl", hash = "sha256:557a0aab88664cc552285316809cab897716a372afaf8efdbef756f8b890e894", size = 2024608, upload-time = "2025-10-14T10:21:59.557Z" },
    { url = "https://files.pythonhosted.org/packages/3e/61/51d89cc2612bd147198e120a13f150afbf0bcb4615cddb049ab10b81b79e/pydantic_core-2.41.4-cp314-cp314-win_arm64.whl", hash = "sha256:3f1ea6f48a045745d0d9f325989d8abd3f1eaf47dd00485912d1a3a63c623a8d", size = 1967614, upload-time = "2025-10-14T10:22:01.847Z" },
    { url = "https://files.pythonhosted.org/packages/0d/c2/472f2e31b95eff099961fa050c376ab7156a81da194f9edb9f710f68787b/pydantic_core-2.41.4-cp314-cp314t-macosx_11_0_arm64.whl", hash = "sha256:6c1fe4c5404c448b13188dd8bd2ebc2bdd7e6727fa61ff481bcc2cca894018da", size = 1876904, upload-time = "2025-10-14T10:22:04.062Z" },
    { url = "https://files.pythonhosted.org/packages/4a/07/ea8eeb91173807ecdae4f4a5f4b150a520085b35454350fc219ba79e66a3/pydantic_core-2.41.4-cp314-cp314t-manylinux_2_17_aarch64.manylinux2014_aarch64.whl", hash = "sha256:523e7da4d43b113bf8e7b49fa4ec0c35bf4fe66b2230bfc5c13cc498f12c6c3e", size = 1882538, upload-time = "2025-10-14T10:22:06.39Z" },
    { url = "https://files.pythonhosted.org/packages/1e/29/b53a9ca6cd366bfc928823679c6a76c7a4c69f8201c0ba7903ad18ebae2f/pydantic_core-2.41.4-cp314-cp314t-manylinux_2_17_x86_64.manylinux2014_x86_64.whl", hash = "sha256:5729225de81fb65b70fdb1907fcf08c75d498f4a6f15af005aabb1fdadc19dfa", size = 2041183, upload-time = "2025-10-14T10:22:08.812Z" },
    { url = "https://files.pythonhosted.org/packages/c7/3d/f8c1a371ceebcaf94d6dd2d77c6cf4b1c078e13a5837aee83f760b4f7cfd/pydantic_core-2.41.4-cp314-cp314t-win_amd64.whl", hash = "sha256:de2cfbb09e88f0f795fd90cf955858fc2c691df65b1f21f0aa00b99f3fbc661d", size = 1993542, upload-time = "2025-10-14T10:22:11.332Z" },
    { url = "https://files.pythonhosted.org/packages/8a/ac/9fc61b4f9d079482a290afe8d206b8f490e9fd32d4fc03ed4fc698214e01/pydantic_core-2.41.4-cp314-cp314t-win_arm64.whl", hash = "sha256:d34f950ae05a83e0ede899c595f312ca976023ea1db100cd5aa188f7005e3ab0", size = 1973897, upload-time = "2025-10-14T10:22:13.444Z" },
]

[[package]]
name = "shadowgate"
version = "0.1.0"
source = { virtual = "." }
dependencies = [
    { name = "apscheduler" },
    { name = "fastapi" },
    { name = "httpx" },
    { name = "uvicorn" },
    { name = "websockets" },
]

[package.metadata]
requires-dist = [
    { name = "apscheduler", specifier = ">=3.11.3" },
    { name = "fastapi", specifier = ">=0.142.2" },
    { name = "httpx", specifier = ">=0.28.1" },
    { name = "uvicorn", specifier = ">=0.54.0" },
    { name = "websockets", specifier = ">=17.2" },
]

[[package]]
name = "sniffio"
version = "1.3.1"
source = { registry = "https://pypi.org/simple" }
sdist = { url = "https://files.pythonhosted.org/packages/a2/87/a6771e1546d97e7e041b6ae58d80074f81b7d5121207425c964ddf5cfdbd/sniffio-1.3.1.tar.gz", hash = "sha256:f4324edc670a0f49750a81b895f35c3adb843cca46f0530f79fc1babb23789dc", size = 20372, upload-time = "2024-02-25T23:20:04.057Z" }
wheels = [
    { url = "https://files.pythonhosted.org/packages/e9/44/75a9c9421471a6c4805dbf2356f7c181a29c1879239abab1ea2cc8f38b40/sniffio-1.3.1-py3-none-any.whl", hash = "sha256:2f6da418d1f1e0fddd844478f41680e794e6051915791a034ff65e5f100525a2", size = 10235, upload-time = "2024-02-25T23:20:01.196Z" },
]

[[package]]
name = "starlette"
version = "0.48.0"
source = { registry = "https://pypi.org/simple" }
dependencies = [
    { name = "anyio" },
]
sdist = { url = "https://files.pythonhosted.org/packages/a7/a5/d6f429d43394057b67a6b5bbe6eae2f77a6bf7459d961fdb224bf206eee6/starlette-0.48.0.tar.gz", hash = "sha256:7e8cee469a8ab2352911528110ce9088fdc6a37d9876926e73da7ce4aa4c7a46", size = 2652949, upload-time = "2025-09-13T08:41:05.699Z" }
wheels = [
    { url = "https://files.pythonhosted.org/packages/be/72/2db2f49247d0a18b4f1bb9a5a39a0162869acf235f3a96418363947b3d46/starlette-0.48.0-py3-none-any.whl", hash = "sha256:0764ca97b097582558ecb498132ed0c7d942f233f365b86ba37770e026510659", size = 73736, upload-time = "2025-09-13T08:41:03.869Z" },
]

[[package]]
name = "typing-extensions"
version = "4.15.0"
source = { registry = "https://pypi.org/simple" }
sdist = { url = "https://files.pythonhosted.org/packages/72/94/1a15dd82efb362ac84269196e94cf00f187f7ed21c242792a923cdb1c61f/typing_extensions-4.15.0.tar.gz", hash = "sha256:0cea48d173cc12fa28ecabc3b837ea3cf6f38c6d1136f85cbaaf598984861466", size = 109391, upload-time = "2025-08-25T13:49:26.313Z" }
wheels = [
    { url = "https://files.pythonhosted.org/packages/18/67/36e9267722cc04a6b9f15c7f3441c2363321a3ea07da7ae0c0707beb2a9c/typing_extensions-4.15.0-py3-none-any.whl", hash = "sha256:f0fa19c6845758ab08074a0cfa8b7aecb71c999ca73d62883bc25cc018c4e548", size = 44614, upload-time = "2025-08-25T13:49:24.86Z" },
]

[[package]]
name = "typing-inspection"
version = "0.4.2"
source = { registry = "https://pypi.org/simple" }
dependencies = [
    { name = "typing-extensions" },
]
sdist = { url = "https://files.pythonhosted.org/packages/55/e3/70399cb7dd41c10ac53367ae42139cf4b1ca5f36bb3dc6c9d33acdb43655/typing_inspection-0.4.2.tar.gz", hash = "sha256:ba561c48a67c5958007083d386c3295464928b01faa735ab8547c5692e87f464", size = 75949, upload-time = "2025-10-01T02:14:41.687Z" }
wheels = [
    { url = "https://files.pythonhosted.org/packages/dc/9b/47798a6c91d8bdb567fe2698fe81e0c6b7cb7ef4d13da4114b41d239f65d/typing_inspection-0.4.2-py3-none-any.whl", hash = "sha256:4ed1cacbdc298c220f1bd249ed5287caa16f34d44ef4e9c3d0cbad5b521545e7", size = 14611, upload-time = "2025-10-01T02:14:40.154Z" },
]

[[package]]
name = "tzdata"
version = "2025.2"
source = { registry = "https://pypi.org/simple" }
sdist = { url = "https://files.pythonhosted.org/packages/95/32/1a225d6164441be760d75c2c42e2780dc0873fe382da3e98a2e1e48361e5/tzdata-2025.2.tar.gz", hash = "sha256:b60a638fcc0daffadf82fe0f57e53d06bdec2f36c4df66280ae79bce6bd6f2b9", size = 196380, upload-time = "2025-03-23T13:54:43.652Z" }
wheels = [
    { url = "https://files.pythonhosted.org/packages/5c/23/c7abc0ca0a1526a0774eca151daeb8de62ec457e77262b66b359c3c7679e/tzdata-2025.2-py2.py3-none-any.whl", hash = "sha256:1a403fada01ff9221ca8044d701868fa132215d84beb92242d9acd2147f667a8", size = 347839, upload-time = "2025-03-23T13:54:41.845Z" },
]

[[package]]
name = "tzlocal"
version = "5.3.1"
source = { registry = "https://pypi.org/simple" }
dependencies = [
    { name = "tzdata", marker = "sys_platform == 'win32'" },
]
sdist = { url = "https://files.pythonhosted.org/packages/8b/2e/c14812d3d4d9cd1773c6be938f89e5735a1f11a9f184ac3639b93cef35d5/tzlocal-5.3.1.tar.gz", hash = "sha256:cceffc7edecefea1f595541dbd6e990cb1ea3d19bf01b2809f362a03dd7921fd", size = 30761, upload-time = "2025-03-05T21:17:41.549Z" }
wheels = [
    { url = "https://files.pythonhosted.org/packages/c2/14/e2a54fabd4f08cd7af1c07030603c3356b74da07f7cc056e600436edfa17/tzlocal-5.3.1-py3-none-any.whl", hash = "sha256:eb1a66c3ef5847adf7a834f1be0800581b683b5608e74f86ecbcef8ab91bb85d", size = 18026, upload-time = "2025-03-05T21:17:39.857Z" },
]

[[package]]
name = "uvicorn"
version = "0.54.0"
source = { registry = "https://pypi.org/simple" }
dependencies = [
    { name = "click" },
    { name = "h11" },
]
sdist = { url = "https://files.pythonhosted.org/packages/da/34/30e9280707135d2cfc589dfff3cb796bd07a3aeb1a3e415ba09dd89d7bb4/uvicorn-0.54.0.tar.gz", hash = "sha256:a2e33cbfaa0306f8e6b0c13e0cb89d7d7a2da3e62b90c66e18c33d9807b28620", size = 112283, upload-time = "2026-09-25T06:52:37.601Z" }
wheels = [
    { url = "https://files.pythonhosted.org/packages/38/0c/b54a4fdd7f90a3af8b02ebc9ce6712c2c208b7926a2f7bad95c33ebbe943/uvicorn-0.54.0-py3-none-any.whl", hash = "sha256:505bdb0f318731d45f1f712071fc781a8981f6847a31c902c9f5e652d4f67faf", size = 87427, upload-time = "2026-09-25T06:52:35.829Z" },
]

[[package]]
name = "websockets"
version = "17.2"
source = { registry = "https://pypi.org/simple" }
sdist = { url = "https://files.pythonhosted.org/packages/01/89/3f825ab71c242fffb62ea8fe638741c290f62f8d7aadf8125ff897747af3/websockets-17.2.tar.gz", hash = "sha256:36c2fb94c990cc2545143b12690e2de6c16300f9dbe5b4f33fa300cf57dc8792", size = 188355, upload-time = "2026-10-03T14:56:53.5Z" }
wheels = [
    { url = "https://files.pythonhosted.org/packages/8b/74/6bc991a28ac983600e65de408ebd1b1413d554ed0468ae5c831bc52dded6/websockets-17.2-cp314-cp314-macosx_10_15_universal2.whl", hash = "sha256:ecb748910e9ba4624ebe2057791df51dcbffb48c37108ab94a3c593472023c9e", size = 217791, upload-time = "2026-10-03T14:54:26.381Z" },
    { url = "https://files.pythonhosted.org/packages/cb/2f/158e99426be6e71d09520bae53f29294fbb614b2fc5fbf8867b1d08395a7/websockets-17.2-cp314-cp314-macosx_10_15_x86_64.whl", hash = "sha256:2ab9af5cb7265899e659f079eb71691375a1025b6d5fbd3caa495dd08f70833a", size = 215486, upload-time = "2026-10-03T14:54:27.962Z" },
    { url = "https://files.pythonhosted.org/packages/5c/09/1abf942723c0001d9c2fca1551907dade6304517b982b0bf10bba107fa81/websockets-17.2-cp314-cp314-macosx_11_0_arm64.whl", hash = "sha256:06e46da092bca3a52e98f0458c66b247993ce501a07cd09c858be3296511ab7d", size = 215699, upload-time = "2026-10-03T14:54:29.523Z" },
    { url = "https://files.pythonhosted.org/packages/a7/1d/1ade03963ef497c47e6bad79e24370827b2fe6145fa8f58070ff2b7dcbac/websockets-17.2-cp314-cp314-manylinux1_i686.manylinux_2_28_i686.manylinux_2_5_i686.whl", hash = "sha256:fcce735ffd72ac4056db05325d9f0232382b74826f0196eb6a15ca903abdaa0f", size = 225081, upload-time = "2026-10-03T14:54:31.278Z" },
    { url = "https://files.pythonhosted.org/packages/9f/fd/47b8a0361c49da939b976a07b27a72a9f893d01dfcf4d2a28b53419ce1ef/websockets-17.2-cp314-cp314-manylinux1_x86_64.manylinux_2_28_x86_64.manylinux_2_5_x86_64.whl", hash = "sha256:42cbca10f82a8b2fb1536e8a0830ca6ceeb6bb3d8d64b766e0795369135654a8", size = 225430, upload-time = "2026-10-03T14:54:32.917Z" },
    { url = "https://files.pythonhosted.org/packages/f0/26/f4d4c76264ee037c5556ab5f50fcba302746dabf7528955534e4dda9965e/websockets-17.2-cp314-cp314-manylinux2014_aarch64.manylinux_2_17_aarch64.manylinux_2_28_aarch64.whl", hash = "sha256:c63ff5a21f26bd0e6a8464b53fadbe174825c8718ac14180df45665eaacdb6af", size = 226676, upload-time = "2026-10-03T14:54:34.833Z" },
    { url = "https://files.pythonhosted.org/packages/37/b3/c8b1c981322a050c4babfd327ffc9880f9c3834f5b15d2574e37eeb8768c/websockets-17.2-cp314-cp314-manylinux2014_armv7l.manylinux_2_17_armv7l.manylinux_2_31_armv7l.whl", hash = "sha256:63f543463601c1558b755f8dd7618b6ec3dd0934dda051d3b7030d8c76e54de2", size = 228048, upload-time = "2026-10-03T14:54:36.424Z" },
    { url = "https://files.pythonhosted.org/packages/f0/5a/1cb29ddb23e6bc27ffd1c5316cd3616360d1ba0c3854eaa134ee3207bd28/websockets-17.2-cp314-cp314-manylinux2014_ppc64le.manylinux_2_17_ppc64le.manylinux_2_28_ppc64le.whl", hash = "sha256:4c32eb565ad9ce8a6444248e5b7a19dbb86a81c811fe5fcc2fba7a735aed5163", size = 227281, upload-time = "2026-10-03T14:54:38.01Z" },
    { url = "https://files.pythonhosted.org/packages/ba/64/135274572dc0c845fc1111e2b932c807c395daac75d6eae6cfa148d8a208/websockets-17.2-cp314-cp314-manylinux2014_s390x.manylinux_2_17_s390x.manylinux_2_28_s390x.whl", hash = "sha256:5d459bbb6c22f26dcebea56924a362aba50d453b9867912862c970434fcf0d94", size = 226025, upload-time = "2026-10-03T14:54:39.613Z" },
    { url = "https://files.pythonhosted.org/packages/58/75/f1e386aec3124489411caf5138cdd5a2bc43d3fd4a681c69adcf5f6272a5/websockets-17.2-cp314-cp314-manylinux_2_31_riscv64.manylinux_2_39_riscv64.whl", hash = "sha256:f19ca1a21871f024e38faf4107b433047df27558dff1b72a1dac31481e2c1fe5", size = 223277, upload-time = "2026-10-03T14:54:41.165Z" },
    { url = "https://files.pythonhosted.org/packages/60/eb/24733a0f568c2eb99e60f9faa620a98fb228c06a01e7e2f348b33290ed9c/websockets-17.2-cp314-cp314-musllinux_1_2_aarch64.whl", hash = "sha256:c76b4bcbf0f713194591673fc86a42820e14da6bbd1bb445d3d002cc4d1e4521", size = 226148, upload-time = "2026-10-03T14:54:42.779Z" },
    { url = "https://files.pythonhosted.org/packages/55/6d/ea66a30af74f5983cae31ebb9ef78b178b366a12856a414e1472225c4a34/websockets-17.2-cp314-cp314-musllinux_1_2_armv7l.whl", hash = "sha256:30201a7f69833b015556c72feb69ea501b645986fd0b90dab13f589e995ff428", size = 224615, upload-time = "2026-10-03T14:54:44.41Z" },
    { url = "https://files.pythonhosted.org/packages/87/80/c6f2228ad89774429d270179375ebddb657119215f52d1df7c680d65cad7/websockets-17.2-cp314-cp314-musllinux_1_2_i686.whl", hash = "sha256:0c8600aec354cc259f1691b0b42816f04a9886a953f82cb227246df76057f97a", size = 225398, upload-time = "2026-10-03T14:54:46.063Z" },
    { url = "https://files.pythonhosted.org/packages/f7/4a/3d8da19732ad468d4be7f1e3ac298078b60bdda55edde6589bef84a5eb7e/websockets-17.2-cp314-cp314-musllinux_1_2_ppc64le.whl", hash = "sha256:307fc22ea496be8542d67b82ae8c867a978dfd19ac35573d4f15943fd9277dfe", size = 226571, upload-time = "2026-10-03T14:54:47.672Z" },
    { url = "https://files.pythonhosted.org/packages/58/22/1231657122d9cc24791bb90af13cc2f4e84cf0d3a454cb37e3abfdcb2fd9/websockets-17.2-cp314-cp314-musllinux_1_2_riscv64.whl", hash = "sha256:9c88697fa943bd4ef67cc919a17d81de6581846f52bfa8c6f64a916098986556", size = 224125, upload-time = "2026-10-03T14:54:49.537Z" },
    { url = "https://files.pythonhosted.org/packages/1a/04/350ca2445da758bc42cdb4218b44d4ce0d5a9c1d5e4cc4a58d64348ad9da/websockets-17.2-cp314-cp314-musllinux_1_2_s390x.whl", hash = "sha256:f7eac84d4969da82166d5e90d9c38d2f416fe24f9708a7013569b193745b9a31", size = 225081, upload-time = "2026-10-03T14:54:51.075Z" },
    { url = "https://files.pythonhosted.org/packages/da/c4/dec952b0df3a5d918ed2a545abb0c25ae519c3bc2d9aba3b7c46abae8f05/websockets-17.2-cp314-cp314-musllinux_1_2_x86_64.whl", hash = "sha256:313f6703023d53baabab6d6c5c37cf637b2c4fee255acf2ed5e92ad69e28f1b7", size = 225376, upload-time = "2026-10-03T14:54:52.675Z" },
    { url = "https://files.pythonhosted.org/packages/f2/b4/198a260afbcc086ff4979774e51834ed7fb5b95f9ef305e0c4924630b857/websockets-17.2-cp314-cp314-win32.whl", hash = "sha256:08d90cf344bdb971ba3a826b78d4da9bfd56cc6a97a604d9b88cbd40bfa6c735", size = 217760, upload-time = "2026-10-03T14:54:54.247Z" },
    { url = "https://files.pythonhosted.org/packages/e5/9e/0523f8bc2f7aaddf39562d4fa01b4d38fa61b23d980917a16d2dd19c8dac/websockets-17.2-cp314-cp314-win_amd64.whl", hash = "sha256:dac93bf7a9beb215be3282b8441173cd50806c41c007b8be9bb24e03c60ad563", size = 218104, upload-time = "2026-10-03T14:54:55.845Z" },
    { url = "https://files.pythonhosted.org/packages/55/17/7b8bb4cb64a199e7082f1f9be784d657842fefc327ac777d6c1493504804/websockets-17.2-cp314-cp314-win_arm64.whl", hash = "sha256:2ab742249f953d148a9ba696c8b9944361e8cb92e8bc61ba2dd53a178403afd3", size = 217989, upload-time = "2026-10-03T14:54:57.376Z" },
    { url = "https://files.pythonhosted.org/packages/ee/76/f54ed054b6e860f1e0bbc7019542a048352d41231fdff6d904b379f881c7/websockets-17.2-cp314-cp314t-macosx_10_15_universal2.whl", hash = "sha256:a69ce25be5f1330ee1c74eb6fabbbceaa96b384beedd2627cecded7546490c40", size = 218125, upload-time = "2026-10-03T14:54:58.943Z" },
    { url = "https://files.pythonhosted.org/packages/e6/4c/0f3375cea66a125ae01d21fb9c537aae955ef499bfe7e2b2376a34362f2a/websockets-17.2-cp314-cp314t-macosx_10_15_x86_64.whl", hash = "sha256:8e24b878cf54843a63985d90480f163ca7f692689fbcbe9cdbd8165521083a8b", size = 215658, upload-time = "2026-10-03T14:55:00.674Z" },
    { url = "https://files.pythonhosted.org/packages/0c/05/7c871a67bfb4b61adc1fe13583db97803f87dfeca644fe6ef51df7bb276d/websockets-17.2-cp314-cp314t-macosx_11_0_arm64.whl", hash = "sha256:f33c7908a6885dcae9f462a4a8347b637053b4ff2b96beb4c23fba1cf7818e5f", size = 215858, upload-time = "2026-10-03T14:55:02.379Z" },
    { url = "https://files.pythonhosted.org/packages/41/8e/59df4d9cd357e902d1c74b13c3c0c3841c8df6e4b1b3d131bf26a23fdcb1/websockets-17.2-cp314-cp314t-manylinux1_i686.manylinux_2_28_i686.manylinux_2_5_i686.whl", hash = "sha256:c796a1bb3e4015249639849f30e8e680df8a431b45d417ba8acf843d2451d95f", size = 225443, upload-time = "2026-10-03T14:55:03.966Z" },
    { url = "https://files.pythonhosted.org/packages/5c/64/5e486a3a44e041203c62eccf1fc89c7f8824e21104a7b82b182e5b21c228/websockets-17.2-cp314-cp314t-manylinux1_x86_64.manylinux_2_28_x86_64.manylinux_2_5_x86_64.whl", hash = "sha256:983bcdc898662f6ba9d6a025c30d29946ff0986d9ad60d400af0da3671f7cbf3", size = 225726, upload-time = "2026-10-03T14:55:05.797Z" },
    { url = "https://files.pythonhosted.org/packages/f0/98/b6eb53121c91fbe8b6897aba06861ce60f9ab58faffc6bca5750cbc21681/websockets-17.2-cp314-cp314t-manylinux2014_aarch64.manylinux_2_17_aarch64.manylinux_2_28_aarch64.whl", hash = "sha256:35e0f088ddfd9d9bc5019e27ff3767411779e92b59db5bb1507f2731a5b61158", size = 226895, upload-time = "2026-10-03T14:55:07.626Z" },
    { url = "https://files.pythonhosted.org/packages/8a/18/8c091321b99c91eb3eaec9acbd940e69308b4e465b5605c430af0cf7d3a5/websockets-17.2-cp314-cp314t-manylinux2014_armv7l.manylinux_2_17_armv7l.manylinux_2_31_armv7l.whl", hash = "sha256:19e2511412ad3393191de652513bc7a0ca3c93af143b32d96d46e59fbbddf1d4", size = 229040, upload-time = "2026-10-03T14:55:09.321Z" },
    { url = "https://files.pythonhosted.org/packages/1a/96/3a92f944305b7de42fcb7530b9fa69607b4b4ce993c36a9f2330dbc318ba/websockets-17.2-cp314-cp314t-manylinux2014_ppc64le.manylinux_2_17_ppc64le.manylinux_2_28_ppc64le.whl", hash = "sha256:cb5e2bf969ac99a6ae3c71208a5eb05cfde973192540ffa6e1068b57fb78c4f8", size = 227469, upload-time = "2026-10-03T14:55:10.935Z" },
    { url = "https://files.pythonhosted.org/packages/ea/a9/624f6d75ba326c22d03698b34c0ada984f1d76196322a62f6c22903b831d/websockets-17.2-cp314-cp314t-manylinux2014_s390x.manylinux_2_17_s390x.manylinux_2_28_s390x.whl", hash = "sha256:691780fca2be3dec512cb603cb91060271968cb4af86b51d07c57445c5754a37", size = 226202, upload-time = "2026-10-03T14:55:12.536Z" },
    { url = "https://files.pythonhosted.org/packages/47/af/1e6e8c625aeb268830af2c4227fe05e8db59f4f4debe1dadfd0ada214895/websockets-17.2-cp314-cp314t-manylinux_2_31_riscv64.manylinux_2_39_riscv64.whl", hash = "sha256:2d39c19b1ba6a6791050383fd69efdd3b63533e2254693d0263879cd5f5921ba", size = 223743, upload-time = "2026-10-03T14:55:14.164Z" },
    { url = "https://files.pythonhosted.org/packages/dd/81/33c5280f4f6f81637c93ae065c6a594dfe35935622af135a5f7c3768bf22/websockets-17.2-cp314-cp314t-musllinux_1_2_aarch64.whl", hash = "sha256:e48ac2b302986c6f55cf61e8e36b4dd97d0132c5078a713a697a940934ba422e", size = 226492, upload-time = "2026-10-03T14:55:15.796Z" },
    { url = "https://files.pythonhosted.org/packages/1d/f3/7aa9fc36e67caccbcfee2c48f4ada41e9da512d41523c024d039f0f22ba3/websockets-17.2-cp314-cp314t-musllinux_1_2_armv7l.whl", hash = "sha256:e136197f1262620ef2e507afc3ea759c1ae7d221886da20eec5f4c9f2618c2aa", size = 224940, upload-time = "2026-10-03T14:55:17.661Z" },
    { url = "https://files.pythonhosted.org/packages/3f/8c/457aff7081a63d1261608bb4d7b0b0f9dfe780697a2a334671745742850b/websockets-17.2-cp314-cp314t-musllinux_1_2_i686.whl", hash = "sha256:3eb44019a2b0b3b91bac95998f1e4e5589730421170e060fe654a2b7be727dc7", size = 225835, upload-time = "2026-10-03T14:55:19.607Z" },
    { url = "https://files.pythonhosted.org/packages/3e/c3/7a13a3b3050db2c36772ded49f8d48f99eb080948e9f6f762e7529925ab5/websockets-17.2-cp314-cp314t-musllinux_1_2_ppc64le.whl", hash = "sha256:e5855e574804398859c5fbaf4fc7882b96278b7f6572a3d889627e6eb6cfca59", size = 226848, upload-time = "2026-10-03T14:55:21.274Z" },
    { url = "https://files.pythonhosted.org/packages/c4/3e/d5b2c1e473b1031a4a0ec0e10de69df5b981ab4a10aa482bb45c18dd43f5/websockets-17.2-cp314-cp314t-musllinux_1_2_riscv64.whl", hash = "sha256:5dc29815520c329f5662f6eb3ebadecf0d4f8c82dfa416d4d6efbf8f39245559", size = 224541, upload-time = "2026-10-03T14:55:22.874Z" },
    { url = "https://files.pythonhosted.org/packages/79/5d/bb81976cc1aa546afb51395ce42913521e9dea062bb34a61308cfff30726/websockets-17.2-cp314-cp314t-musllinux_1_2_s390x.whl", hash = "sha256:d1a4f9462da6496b6cb79bbb09c60d17f7e63e8a1df136797b3afabec9560e4d", size = 225315, upload-time = "2026-10-03T14:55:24.443Z" },
    { url = "https://files.pythonhosted.org/packages/f4/6b/314962d5440c61b4c107914599c13ceeecc6bdb6e2e73a5f7e566a7d1f26/websockets-17.2-cp314-cp314t-musllinux_1_2_x86_64.whl", hash = "sha256:9496bff5541086478264678bac73c0a75b2fde94fdf6568893bca1f7c6d50d18", size = 225747, upload-time = "2026-10-03T14:55:26.033Z" },
    { url = "https://files.pythonhosted.org/packages/98/fc/9eb64b34a3a4458eb08f3f24bde01508f72a00790330723c158ebb965048/websockets-17.2-cp314-cp314t-win32.whl", hash = "sha256:e1e3bc8090a7eae79fdf634b63bdbfa3c93999991023c37c6fd3b469fc8ff5dc", size = 217891, upload-time = "2026-10-03T14:55:27.681Z" },
    { url = "https://files.pythonhosted.org/packages/ba/ed/3a4e2a09b0822d6e525cbc6e44a4885669bad5b22ab9c64fa2444bc15325/websockets-17.2-cp314-cp314t-win_amd64.whl", hash = "sha256:65a89a5bde227bfe908016f35b5bd347970cd1e5b0360f389502eba1c7fde6e0", size = 218229, upload-time = "2026-10-03T14:55:29.314Z" },
    { url = "https://files.pythonhosted.org/packages/b5/66/cffb75ee746dd060984c3c3e2eac7f875a866225a30dfa53e2cd18232565/websockets-17.2-cp314-cp314t-win_arm64.whl", hash = "sha256:1c27339934109dfaca83f18ab2c23db06714e9d5deca2c8e37e8f492ab90d20b", size = 218146, upload-time = "2026-10-03T14:55:31.001Z" },
    { url = "https://files.pythonhosted.org/packages/12/e9/10a9b1633b63594054c87b97af048628cea2b21b5089a52a9fc1e0af60a3/websockets-17.2-cp315-cp315-macosx_10_15_universal2.whl", hash = "sha256:a7c4bb26de6ef496d24822aee4f6a305d97cd33d21a2b85f290292d69ba1c25e", size = 217719, upload-time = "2026-10-03T14:55:32.674Z" },
    { url = "https://files.pythonhosted.org/packages/0c/00/ff4020fe0886dac7199a16ce2805c7afd7b981bd2e81d3fa18dff5d9863a/websockets-17.2-cp315-cp315-macosx_10_15_x86_64.whl", hash = "sha256:c08da1f15040bd1e1a6074bd4518a6ef20e67b1594ecfb0aa75e5b45f87e6d6d", size = 215448, upload-time = "2026-10-03T14:55:34.338Z" },
    { url = "https://files.pythonhosted.org/packages/66/06/bc7b944f81514378b2c2ab96c17df19e871cd33b9be0f1f6dfc975457e5e/websockets-17.2-cp315-cp315-macosx_11_0_arm64.whl", hash = "sha256:3117abfd32b183bdb6194df9317766d32c6517f3d1c0aa8c62d5c6ccfda0b4a8", size = 215674, upload-time = "2026-10-03T14:55:35.918Z" },
    { url = "https://files.pythonhosted.org/packages/a8/da/2b2b76faa2f10c4813e3872c9577fd13a798f5918b1785b86ff7d635eb2a/websockets-17.2-cp315-cp315-manylinux1_i686.manylinux_2_28_i686.manylinux_2_5_i686.whl", hash = "sha256:a046227daa7f191e843d26b911c1146233e9a33d249e0c954dcb3ac7c398710e", size = 225119, upload-time = "2026-10-03T14:55:37.777Z" },
    { url = "https://files.pythonhosted.org/packages/ae/d4/22cbe288c0d5cef7620503be92c0098d82220353fc7e188034a19c517240/websockets-17.2-cp315-cp315-manylinux1_x86_64.manylinux_2_28_x86_64.manylinux_2_5_x86_64.whl", hash = "sha256:2901bdf24f20bc884124b3e88c61f7ece260c20c81e610f2196007395264a4aa", size = 225549, upload-time = "2026-10-03T14:55:39.364Z" },
    { url = "https://files.pythonhosted.org/packages/4c/0a/504b0d3063679f2c60430c3539482d42a4cb8bd1a76646baf742030a93cc/websockets-17.2-cp315-cp315-manylinux2014_aarch64.manylinux_2_17_aarch64.manylinux_2_28_aarch64.whl", hash = "sha256:f60e39adfecf998488166aca8ff24ab1ac406c9ecbecbcf9b3bcfc43cb1ec9a1", size = 226717, upload-time = "2026-10-03T14:55:40.942Z" },
    { url = "https://files.pythonhosted.org/packages/4e/ea/5da9309cc55c2665a6eebc22c369d9918c0d77258c61e92058e6b08d5ff1/websockets-17.2-cp315-cp315-manylinux2014_armv7l.manylinux_2_17_armv7l.manylinux_2_31_armv7l.whl", hash = "sha256:d4df62fd8448a85c752bbea1803cb3a2785e6fc8352009ab64ad7447af079b3c", size = 228413, upload-time = "2026-10-03T14:55:42.54Z" },
    { url = "https://files.pythonhosted.org/packages/a6/74/5a24df72aa5500f311105687af864c27f1f9da910e968e97818c6149e6b0/websockets-17.2-cp315-cp315-manylinux2014_ppc64le.manylinux_2_17_ppc64le.manylinux_2_28_ppc64le.whl", hash = "sha256:c8eea55fdfa9ba65c6981eea38bd20c800bce2f092a2803d82de764ecf0f071a", size = 227196, upload-time = "2026-10-03T14:55:44.251Z" },
    { url = "https://files.pythonhosted.org/packages/5e/ee/ca32cc1ed892dc4ac30a922e8f648048233fbdb8b0bce7048860ec4c60ec/websockets-17.2-cp315-cp315-manylinux2014_s390x.manylinux_2_17_s390x.manylinux_2_28_s390x.whl", hash = "sha256:3f0def1279644acaa9bc861d4234af3f82ea9cee7e460dffac5cb63e691501e9", size = 226092, upload-time = "2026-10-03T14:55:45.842Z" },
    { url = "https://files.pythonhosted.org/packages/7d/0c/12d4a73324aa9798d5165d20c088f9dba66c75c871960e5d921ec66694e4/websockets-17.2-cp315-cp315-manylinux_2_31_riscv64.manylinux_2_39_riscv64.whl", hash = "sha256:fb78fb4158c12f77a934a003006784108a27a6553cfc0c6f10483c9c02e94f48", size = 223486, upload-time = "2026-10-03T14:55:47.45Z" },
    { url = "https://files.pythonhosted.org/packages/bc/a4/7fe15da5abb8f0f61e6a357593f7f2ed55724825b7db0ffe72b5c5fad68d/websockets-17.2-cp315-cp315-musllinux_1_2_aarch64.whl", hash = "sha256:f8969ad228115ad8869b5fed801f899e52ab8ad376fdb165ba4760a277c8258a", size = 226200, upload-time = "2026-10-03T14:55:49.126Z" },
    { url = "https://files.pythonhosted.org/packages/08/b9/4cd3a311f96a2eea0ed458bc01fe2cce42f9cd50aa9e64315dfc855d63a9/websockets-17.2-cp315-cp315-musllinux_1_2_armv7l.whl", hash = "sha256:4a49ca342efc0800e6ae94ed5c9cbdcb319308f75e73c21181e4c24d6710e8dd", size = 224862, upload-time = "2026-10-03T14:55:50.674Z" },
    { url = "https://files.pythonhosted.org/packages/41/b5/22caa3460f75e42bfcc74028870b556d22847ea9a9034aa03986f07f16a9/websockets-17.2-cp315-cp315-musllinux_1_2_i686.whl", hash = "sha256:06fa3ce9c3154826c33d4395b225b2994aa64f1f3bcd8be8ed932019175d9268", size = 225391, upload-time = "2026-10-03T14:55:52.393Z" },
    { url = "https://files.pythonhosted.org/packages/95/be/8d28f92092076abf1ddfb3206b0ce956120a22e7c3105f6a3029d727deae/websockets-17.2-cp315-cp315-musllinux_1_2_ppc64le.whl", hash = "sha256:50644d8715be7e0ec0682f9d7744b63008e199c5e1618a48fa153756a332235f", size = 226545, upload-time = "2026-10-03T14:55:54.127Z" },
    { url = "https://files.pythonhosted.org/packages/cb/7b/ff943fa383e540fe17f066cc10a3eeedef26e50fd45aae2bdc6746d6f95a/websockets-17.2-cp315-cp315-musllinux_1_2_riscv64.whl", hash = "sha256:60deca33e584c09e91f70f8b55a0b1de7d671d6a63f051d154920f48bed717c7", size = 224352, upload-time = "2026-10-03T14:55:55.856Z" },
    { url = "https://files.pythonhosted.org/packages/e9/df/1e6c3e06c473c9fd833a5c1620b15e2c3b37647b91b7d41871d20bc098de/websockets-17.2-cp315-cp315-musllinux_1_2_s390x.whl", hash = "sha256:b5f79366a8d8dbb981d53ba800bb54a95454595ab8a4548c2b95501b32a08326", size = 225255, upload-time = "2026-10-03T14:55:57.497Z" },
    { url = "https://files.pythonhosted.org/packages/db/f8/d8a4f988f7cbb568d8bd69da4632c5b6010aa9cd9366f285e23b73b678d9/websockets-17.2-cp315-cp315-musllinux_1_2_x86_64.whl", hash = "sha256:f2bbf3f28d0b63157577c8b774b9136f076afa6797e1a52a2ecd477f23cad3a8", size = 225513, upload-time = "2026-10-03T14:55:59.338Z" },
    { url = "https://files.pythonhosted.org/packages/75/e0/920357165b2797a2530fc9e271d79a9b5fee2b750b154c990c740f767af3/websockets-17.2-cp315-cp315-win32.whl", hash = "sha256:74836317b7010b579522bb52426f1e225608b042c9e78cbe2493522bebb8a318", size = 217722, upload-time = "2026-10-03T14:56:01.307Z" },
    { url = "https://files.pythonhosted.org/packages/5f/eb/25bdca25bbc329ffb330ef33993397d6556a871e40a0d196e757699ea3f7/websockets-17.2-cp315-cp315-win_amd64.whl", hash = "sha256:aaead3d926e9ab4124ada727d20cd62d396649917822df4f771d1f07f1079b40", size = 218017, upload-time = "2026-10-03T14:56:02.914Z" },
    { url = "https://files.pythonhosted.org/packages/fa/cb/ea30a552bbcd1c75f0d14bfce6c884ee36187030b85b74a242aacc02406e/websockets-17.2-cp315-cp315-win_arm64.whl", hash = "sha256:40960554e60eb60c3eec4ff9e42a80f84f8cd3ca9bc80a5481a61f1e64d807c9", size = 217929, upload-time = "2026-10-03T14:56:04.604Z" },
    { url = "https://files.pythonhosted.org/packages/4a/01/477664c619af8aa3c908d482e2a95e13ceed9d78f21d15902013c3bc6c28/websockets-17.2-cp315-cp315t-macosx_10_15_universal2.whl", hash = "sha256:9a2a60a7f0ea5f239efb6391d2b28630a640d82dad63e3bee47cf2c623c4495d", size = 218029, upload-time = "2026-10-03T14:56:06.336Z" },
    { url = "https://files.pythonhosted.org/packages/2a/a9/b0be62ff1c0e2bc966da56b36d3d820c7e2ad3c0c4a4ac414fc7335b214f/websockets-17.2-cp315-cp315t-macosx_10_15_x86_64.whl", hash = "sha256:cca2fcb72c007103740fa4fc3df19fdb1a318c641c69f3b0cc47ed63a889336e", size = 215607, upload-time = "2026-10-03T14:56:08.035Z" },
    { url = "https://files.pythonhosted.org/packages/fc/2b/a6738530de0437a31c1b168e4096ecf790aafaf561f33a009886c7d8042e/websockets-17.2-cp315-cp315t-macosx_11_0_arm64.whl", hash = "sha256:b789356bc4e2e6c20ba52817f92c3fed74e24657654237ecd536c54843b80c6c", size = 215817, upload-time = "2026-10-03T14:56:09.852Z" },
    { url = "https://files.pythonhosted.org/packages/c3/c2/2fc44ddc419cbb09ee1708af3e78d8a4b018db01fc7e4f91bd730e2f8d9e/websockets-17.2-cp315-cp315t-manylinux1_i686.manylinux_2_28_i686.manylinux_2_5_i686.whl", hash = "sha256:222fb626fa15701a850eccc778be17312142b2f6a0e16aea80770b7459adb784", size = 225979, upload-time = "2026-10-03T14:56:11.85Z" },
    { url = "https://files.pythonhosted.org/packages/2e/91/a215b14caa7ea65bc36db81609108899c259503300d1560dae9c70a135e7/websockets-17.2-cp315-cp315t-manylinux1_x86_64.manylinux_2_28_x86_64.manylinux_2_5_x86_64.whl", hash = "sha256:4497e87c34a2d21cbec1227858fec3af8e514dd70c47625557a122fcebc081dc", size = 226250, upload-time = "2026-10-03T14:56:13.548Z" },
    { url = "https://files.pythonhosted.org/packages/65/b9/9406a18e9edf558ed504d2a7679371d0f8107e4ef526c80b154ea4ec9752/websockets-17.2-cp315-cp315t-manylinux2014_aarch64.manylinux_2_17_aarch64.manylinux_2_28_aarch64.whl", hash = "sha256:6281c171557ce0e408e19d9a223f22d915117ac38a5a7f32ed83809e7492316c", size = 227579, upload-time = "2026-10-03T14:56:15.143Z" },
    { url = "https://files.pythonhosted.org/packages/fe/45/a73af119244f46f5130005d7ab63f1c75890c890141a0ca2adc9d97d4671/websockets-17.2-cp315-cp315t-manylinux2014_armv7l.manylinux_2_17_armv7l.manylinux_2_31_armv7l.whl", hash = "sha256:08d97098644728bd1895caa7ecf3090b8e563d70809870d2adb33a107bd061d0", size = 229205, upload-time = "2026-10-03T14:56:17.086Z" },
    { url = "https://files.pythonhosted.org/packages/c1/92/ccd8e2e921d134a56f1ed4642d276500d9e33b3dc4d6deb63d614b3e53a6/websockets-17.2-cp315-cp315t-manylinux2014_ppc64le.manylinux_2_17_ppc64le.manylinux_2_28_ppc64le.whl", hash = "sha256:1fdb8d5a1660307dc6d36d0b7fc725213cbd7f80800904dc4896aa3208b89121", size = 228011, upload-time = "2026-10-03T14:56:18.716Z" },
    { url = "https://files.pythonhosted.org/packages/e0/ef/7d71105d19a7aaab5ff87b9c712f6c1dda44e72ea56aa0e7b777f2fc274b/websockets-17.2-cp315-cp315t-manylinux2014_s390x.manylinux_2_17_s390x.manylinux_2_28_s390x.whl", hash = "sha256:18b0a46e5e9b315e2b54ce8c3bafdeef0e1388ca363114fa868e6aab2dc58512", size = 226892, upload-time = "2026-10-03T14:56:20.412Z" },
    { url = "https://files.pythonhosted.org/packages/56/f7/87012d628b21e66e699440f39bfa7cc55fae7f52b2c532ab62184a589624/websockets-17.2-cp315-cp315t-manylinux_2_31_riscv64.manylinux_2_39_riscv64.whl", hash = "sha256:7f115d5d804a2163dd89245710049078b0e726a58c1f44a1f86c2c6e79055d76", size = 224241, upload-time = "2026-10-03T14:56:22.257Z" },
    { url = "https://files.pythonhosted.org/packages/55/f5/495371068b27ee5f7c435187f9dafd62402f195e2c76063bdd4653da1565/websockets-17.2-cp315-cp315t-musllinux_1_2_aarch64.whl", hash = "sha256:1d829946a2e7630f92f9d7b45b62f3abe9f393cc2dea6a35edb3988f865e75f2", size = 227076, upload-time = "2026-10-03T14:56:23.909Z" },
    { url = "https://files.pythonhosted.org/packages/18/18/3dce3cc6099be5e044e0fd5d0e0c9931c8e3387511cdec8014a345f619e5/websockets-17.2-cp315-cp315t-musllinux_1_2_armv7l.whl", hash = "sha256:6c274fc1572edf7c197094a0eb1887d45fdc95254bc80597dc7599550486c06a", size = 225727, upload-time = "2026-10-03T14:56:25.689Z" },
    { url = "https://files.pythonhosted.org/packages/47/30/57d0c7aaf8d4473926fa8829b8136483f561388d1e747ae71c9f2a83d5fd/websockets-17.2-cp315-cp315t-musllinux_1_2_i686.whl", hash = "sha256:4173a4b8a025ae44313d9d9b4ecf31e886c7b7faf45386d51a8ca4ff2dcf3f2a", size = 226225, upload-time = "2026-10-03T14:56:27.246Z" },
    { url = "https://files.pythonhosted.org/packages/0c/9f/9dce1203756756c00b407b9a6b13a7500fcd38f2634d4daa3f65575814ec/websockets-17.2-cp315-cp315t-musllinux_1_2_ppc64le.whl", hash = "sha256:d8cfe9522ad69b6abb26b413ed1deca43cb915cefc588433d557cb3ae1c783e2", size = 227333, upload-time = "2026-10-03T14:56:28.811Z" },
    { url = "https://files.pythonhosted.org/packages/9a/2f/d3b6b876678ebb03017b7afd7111fe44d54b93f036a80ebb4b481dd1ab74/websockets-17.2-cp315-cp315t-musllinux_1_2_riscv64.whl", hash = "sha256:908d81d88bb16141613a6275059b5114656d5c2f0b5400b421d54fe6f1943507", size = 225082, upload-time = "2026-10-03T14:56:30.578Z" },
    { url = "https://files.pythonhosted.org/packages/32/b0/a69b573a5e56d2e7a5dcbb447466f442380cf81515e1cb1220cd626c8042/websockets-17.2-cp315-cp315t-musllinux_1_2_s390x.whl", hash = "sha256:c6590e1eb624ff6b15b872421bc9a10bc6d2057635d69c6cd244ac3f928f85c6", size = 225945, upload-time = "2026-10-03T14:56:32.32Z" },
    { url = "https://files.pythonhosted.org/packages/70/be/a72911dc8e33f74c196012366ce4d99b1a803894a377a1ed0c8e66df9caa/websockets-17.2-cp315-cp315t-musllinux_1_2_x86_64.whl", hash = "sha256:61040f6f7da5a279d2f77496c69d51132aba75f701c52bded400d4c639277b18", size = 226241, upload-time = "2026-10-03T14:56:34.142Z" },
    { url = "https://files.pythonhosted.org/packages/7d/a9/02a68c1d8e5572918e0962d3aad881078f73ede43abd9b1336e4efaa8909/websockets-17.2-cp315-cp315t-win32.whl", hash = "sha256:f90bad2839c185a1edf8ee22a257cfc8a39e0e337a0490ab185dfa76ef04d1bd", size = 217847, upload-time = "2026-10-03T14:56:36.204Z" },
    { url = "https://files.pythonhosted.org/packages/2b/bf/3d7c33b8d5e7712a60e0149c017ed50394ec5e8cf72e5cb6a1ffaf11a42d/websockets-17.2-cp315-cp315t-win_amd64.whl", hash = "sha256:315551f4ccedbbf9fd4f7e8bf037a5948c976ade0e919ba5d8f581d465f6f725", size = 218169, upload-time = "2026-10-03T14:56:37.79Z" },
    { url = "https://files.pythonhosted.org/packages/27/57/ab34cc6460c5322e6932750fa5c6c64be89e6ee4e2707d13c4e9d3312b25/websockets-17.2-cp315-cp315t-win_arm64.whl", hash = "sha256:0a6220bdf8d5f11af71251a599092d89ac1d6bfac691c7f5951c5b07953947a0", size = 218089, upload-time = "2026-10-03T14:56:39.427Z" },
    { url = "https://files.pythonhosted.org/packages/8a/58/835cd51934d6780fa586f275b5d9901eead6d81569b4343b3767cdbaae4c/websockets-17.2-py3-none-any.whl", hash = "sha256:6aa59f0ef92e796b2db6f5f26550c4713c0e4036899fadf02f55e2ed4db0b7ae", size = 211883, upload-time = "2026-10-03T14:56:51.898Z" },
]
